// !$*UTF8*$!
{
	archiveVersion = 1;
	classes = {
	};
	objectVersion = 77;
	objects = {

/* Begin PBXContainerItemProxy section */
		004C6E812E1FEC7400FC89D3 /* PBXContainerItemProxy */ = {
			isa = PBXContainerItemProxy;
			containerPortal = 004C6E6B2E1FEC7100FC89D3 /* Project object */;
			proxyType = 1;
			remoteGlobalIDString = 004C6E722E1FEC7100FC89D3;
			remoteInfo = dieZeit;
		};
		004C6E8B2E1FEC7400FC89D3 /* PBXContainerItemProxy */ = {
			isa = PBXContainerItemProxy;
			containerPortal = 004C6E6B2E1FEC7100FC89D3 /* Project object */;
			proxyType = 1;
			remoteGlobalIDString = 004C6E722E1FEC7100FC89D3;
			remoteInfo = dieZeit;
		};
/* End PBXContainerItemProxy section */

/* Begin PBXFileReference section */
		004C6E732E1FEC7100FC89D3 /* dieZeit.app */ = {isa = PBXFileReference; explicitFileType = wrapper.application; includeInIndex = 0; path = dieZeit.app; sourceTree = BUILT_PRODUCTS_DIR; };
		004C6E802E1FEC7400FC89D3 /* dieZeitTests.xctest */ = {isa = PBXFileReference; explicitFileType = wrapper.cfbundle; includeInIndex = 0; path = dieZeitTests.xctest; sourceTree = BUILT_PRODUCTS_DIR; };
		004C6E8A2E1FEC7400FC89D3 /* dieZeitUITests.xctest */ = {isa = PBXFileReference; explicitFileType = wrapper.cfbundle; includeInIndex = 0; path = dieZeitUITests.xctest; sourceTree = BUILT_PRODUCTS_DIR; };
/* End PBXFileReference section */

/* Begin PBXFileSystemSynchronizedRootGroup section */
		004C6E752E1FEC7100FC89D3 /* dieZeit */ = {
			isa = PBXFileSystemSynchronizedRootGroup;
			path = dieZeit;
			sourceTree = "<group>";
		};
		004C6E832E1FEC7400FC89D3 /* dieZeitTests */ = {
			isa = PBXFileSystemSynchronizedRootGroup;
			path = dieZeitTests;
			sourceTree = "<group>";
		};
		004C6E8D2E1FEC7400FC89D3 /* dieZeitUITests */ = {
			isa = PBXFileSystemSynchronizedRootGroup;
			path = dieZeitUITests;
			sourceTree = "<group>";
		};
/* End PBXFileSystemSynchronizedRootGroup section */

/* Begin PBXFrameworksBuildPhase section */
		004C6E702E1FEC7100FC89D3 /* Frameworks */ = {
			isa = PBXFrameworksBuildPhase;
			buildActionMask = 2147483647;
			files = (
			);
			runOnlyForDeploymentPostprocessing = 0;
		};
		004C6E7D2E1FEC7400FC89D3 /* Frameworks */ = {
			isa = PBXFrameworksBuildPhase;
			buildActionMask = 2147483647;
			files = (
			);
			runOnlyForDeploymentPostprocessing = 0;
		};
		004C6E872E1FEC7400FC89D3 /* Frameworks */ = {
			isa = PBXFrameworksBuildPhase;
			buildActionMask = 2147483647;
			files = (
			);
			runOnlyForDeploymentPostprocessing = 0;
		};
/* End PBXFrameworksBuildPhase section */

/* Begin PBXGroup section */
		004C6E6A2E1FEC7100FC89D3 = {
			isa = PBXGroup;
			children = (
				004C6E752E1FEC7100FC89D3 /* dieZeit */,
				004C6E832E1FEC7400FC89D3 /* dieZeitTests */,
				004C6E8D2E1FEC7400FC89D3 /* dieZeitUITests */,
				004C6E742E1FEC7100FC89D3 /* Products */,
			);
			sourceTree = "<group>";
		};
		004C6E742E1FEC7100FC89D3 /* Products */ = {
			isa = PBXGroup;
			children = (
				004C6E732E1FEC7100FC89D3 /* dieZeit.app */,
				004C6E802E1FEC7400FC89D3 /* dieZeitTests.xctest */,
				004C6E8A2E1FEC7400FC89D3 /* dieZeitUITests.xctest */,
			);
			name = Products;
			sourceTree = "<group>";
		};
/* End PBXGroup section */

/* Begin PBXNativeTarget section */
		004C6E722E1FEC7100FC89D3 /* dieZeit */ = {
			isa = PBXNativeTarget;
			buildConfigurationList = 004C6E942E1FEC7400FC89D3 /* Build configuration list for PBXNativeTarget "dieZeit" */;
			buildPhases = (
				004C6E6F2E1FEC7100FC89D3 /* Sources */,
				004C6E702E1FEC7100FC89D3 /* Frameworks */,
				004C6E712E1FEC7100FC89D3 /* Resources */,
			);
			buildRules = (
			);
			dependencies = (
			);
			fileSystemSynchronizedGroups = (
				004C6E752E1FEC7100FC89D3 /* dieZeit */,
			);
			name = dieZeit;
			packageProductDependencies = (
			);
			productName = dieZeit;
			productReference = 004C6E732E1FEC7100FC89D3 /* dieZeit.app */;
			productType = "com.apple.product-type.application";
		};
		004C6E7F2E1FEC7400FC89D3 /* dieZeitTests */ = {
			isa = PBXNativeTarget;
			buildConfigurationList = 004C6E972E1FEC7400FC89D3 /* Build configuration list for PBXNativeTarget "dieZeitTests" */;
			buildPhases = (
				004C6E7C2E1FEC7400FC89D3 /* Sources */,
				004C6E7D2E1FEC7400FC89D3 /* Frameworks */,
				004C6E7E2E1FEC7400FC89D3 /* Resources */,
			);
			buildRules = (
			);
			dependencies = (
				004C6E822E1FEC7400FC89D3 /* PBXTargetDependency */,
			);
			fileSystemSynchronizedGroups = (
				004C6E832E1FEC7400FC89D3 /* dieZeitTests */,
			);
			name = dieZeitTests;
			packageProductDependencies = (
			);
			productName = dieZeitTests;
			productReference = 004C6E802E1FEC7400FC89D3 /* dieZeitTests.xctest */;
			productType = "com.apple.product-type.bundle.unit-test";
		};
		004C6E892E1FEC7400FC89D3 /* dieZeitUITests */ = {
			isa = PBXNativeTarget;
			buildConfigurationList = 004C6E9A2E1FEC7400FC89D3 /* Build configuration list for PBXNativeTarget "dieZeitUITests" */;
			buildPhases = (
				004C6E862E1FEC7400FC89D3 /* Sources */,
				004C6E872E1FEC7400FC89D3 /* Frameworks */,
				004C6E882E1FEC7400FC89D3 /* Resources */,
			);
			buildRules = (
			);
			dependencies = (
				004C6E8C2E1FEC7400FC89D3 /* PBXTargetDependency */,
			);
			fileSystemSynchronizedGroups = (
				004C6E8D2E1FEC7400FC89D3 /* dieZeitUITests */,
			);
			name = dieZeitUITests;
			packageProductDependencies = (
			);
			productName = dieZeitUITests;
			productReference = 004C6E8A2E1FEC7400FC89D3 /* dieZeitUITests.xctest */;
			productType = "com.apple.product-type.bundle.ui-testing";
		};
/* End PBXNativeTarget section */

/* Begin PBXProject section */
		004C6E6B2E1FEC7100FC89D3 /* Project object */ = {
			isa = PBXProject;
			attributes = {
				BuildIndependentTargetsInParallel = 1;
				LastSwiftUpdateCheck = 1630;
				LastUpgradeCheck = 1630;
				TargetAttributes = {
					004C6E722E1FEC7100FC89D3 = {
						CreatedOnToolsVersion = 16.3;
					};
					004C6E7F2E1FEC7400FC89D3 = {
						CreatedOnToolsVersion = 16.3;
						TestTargetID = 004C6E722E1FEC7100FC89D3;
					};
					004C6E892E1FEC7400FC89D3 = {
						CreatedOnToolsVersion = 16.3;
						TestTargetID = 004C6E722E1FEC7100FC89D3;
					};
				};
			};
			buildConfigurationList = 004C6E6E2E1FEC7100FC89D3 /* Build configuration list for PBXProject "dieZeit" */;
			developmentRegion = en;
			hasScannedForEncodings = 0;
			knownRegions = (
				en,
				Base,
			);
			mainGroup = 004C6E6A2E1FEC7100FC89D3;
			minimizedProjectReferenceProxies = 1;
			preferredProjectObjectVersion = 77;
			productRefGroup = 004C6E742E1FEC7100FC89D3 /* Products */;
			projectDirPath = "";
			projectRoot = "";
			targets = (
				004C6E722E1FEC7100FC89D3 /* dieZeit */,
				004C6E7F2E1FEC7400FC89D3 /* dieZeitTests */,
				004C6E892E1FEC7400FC89D3 /* dieZeitUITests */,
			);
		};
/* End PBXProject section */

/* Begin PBXResourcesBuildPhase section */
		004C6E712E1FEC7100FC89D3 /* Resources */ = {
			isa = PBXResourcesBuildPhase;
			buildActionMask = 2147483647;
			files = (
			);
			runOnlyForDeploymentPostprocessing = 0;
		};
		004C6E7E2E1FEC7400FC89D3 /* Resources */ = {
			isa = PBXResourcesBuildPhase;
			buildActionMask = 2147483647;
			files = (
			);
			runOnlyForDeploymentPostprocessing = 0;
		};
		004C6E882E1FEC7400FC89D3 /* Resources */ = {
			isa = PBXResourcesBuildPhase;
			buildActionMask = 2147483647;
			files = (
			);
			runOnlyForDeploymentPostprocessing = 0;
		};
/* End PBXResourcesBuildPhase section */

/* Begin PBXSourcesBuildPhase section */
		004C6E6F2E1FEC7100FC89D3 /* Sources */ = {
			isa = PBXSourcesBuildPhase;
			buildActionMask = 2147483647;
			files = (
			);
			runOnlyForDeploymentPostprocessing = 0;
		};
		004C6E7C2E1FEC7400FC89D3 /* Sources */ = {
			isa = PBXSourcesBuildPhase;
			buildActionMask = 2147483647;
			files = (
			);
			runOnlyForDeploymentPostprocessing = 0;
		};
		004C6E862E1FEC7400FC89D3 /* Sources */ = {
			isa = PBXSourcesBuildPhase;
			buildActionMask = 2147483647;
			files = (
			);
			runOnlyForDeploymentPostprocessing = 0;
		};
/* End PBXSourcesBuildPhase section */

/* Begin PBXTargetDependency section */
		004C6E822E1FEC7400FC89D3 /* PBXTargetDependency */ = {
			isa = PBXTargetDependency;
			target = 004C6E722E1FEC7100FC89D3 /* dieZeit */;
			targetProxy = 004C6E812E1FEC7400FC89D3 /* PBXContainerItemProxy */;
		};
		004C6E8C2E1FEC7400FC89D3 /* PBXTargetDependency */ = {
			isa = PBXTargetDependency;
			target = 004C6E722E1FEC7100FC89D3 /* dieZeit */;
			targetProxy = 004C6E8B2E1FEC7400FC89D3 /* PBXContainerItemProxy */;
		};
/* End PBXTargetDependency section */

/* Begin XCBuildConfiguration section */
		004C6E922E1FEC7400FC89D3 /* Debug */ = {
			isa = XCBuildConfiguration;
			buildSettings = {
				ALWAYS_SEARCH_USER_PATHS = NO;
				ASSETCATALOG_COMPILER_GENERATE_SWIFT_ASSET_SYMBOL_EXTENSIONS = YES;
				CLANG_ANALYZER_NONNULL = YES;
				CLANG_ANALYZER_NUMBER_OBJECT_CONVERSION = YES_AGGRESSIVE;
				CLANG_CXX_LANGUAGE_STANDARD = "gnu++20";
				CLANG_ENABLE_MODULES = YES;
				CLANG_ENABLE_OBJC_ARC = YES;
				CLANG_ENABLE_OBJC_WEAK = YES;
				CLANG_WARN_BLOCK_CAPTURE_AUTORELEASING = YES;
				CLANG_WARN_BOOL_CONVERSION = YES;
				CLANG_WARN_COMMA = YES;
				CLANG_WARN_CONSTANT_CONVERSION = YES;
				CLANG_WARN_DEPRECATED_OBJC_IMPLEMENTATIONS = YES;
				CLANG_WARN_DIRECT_OBJC_ISA_USAGE = YES_ERROR;
				CLANG_WARN_DOCUMENTATION_COMMENTS = YES;
				CLANG_WARN_EMPTY_BODY = YES;
				CLANG_WARN_ENUM_CONVERSION = YES;
				CLANG_WARN_INFINITE_RECURSION = YES;
				CLANG_WARN_INT_CONVERSION = YES;
				CLANG_WARN_NON_LITERAL_NULL_CONVERSION = YES;
				CLANG_WARN_OBJC_IMPLICIT_RETAIN_SELF = YES;
				CLANG_WARN_OBJC_LITERAL_CONVERSION = YES;
				CLANG_WARN_OBJC_ROOT_CLASS = YES_ERROR;
				CLANG_WARN_QUOTED_INCLUDE_IN_FRAMEWORK_HEADER = YES;
				CLANG_WARN_RANGE_LOOP_ANALYSIS = YES;
				CLANG_WARN_STRICT_PROTOTYPES = YES;
				CLANG_WARN_SUSPICIOUS_MOVE = YES;
				CLANG_WARN_UNGUARDED_AVAILABILITY = YES_AGGRESSIVE;
				CLANG_WARN_UNREACHABLE_CODE = YES;
				CLANG_WARN__DUPLICATE_METHOD_MATCH = YES;
				COPY_PHASE_STRIP = NO;
				DEBUG_INFORMATION_FORMAT = dwarf;
				ENABLE_STRICT_OBJC_MSGSEND = YES;
				ENABLE_TESTABILITY = YES;
				ENABLE_USER_SCRIPT_SANDBOXING = YES;
				GCC_C_LANGUAGE_STANDARD = gnu17;
				GCC_DYNAMIC_NO_PIC = NO;
				GCC_NO_COMMON_BLOCKS = YES;
				GCC_OPTIMIZATION_LEVEL = 0;
				GCC_PREPROCESSOR_DEFINITIONS = (
					"DEBUG=1",
					"$(inherited)",
				);
				GCC_WARN_64_TO_32_BIT_CONVERSION = YES;
				GCC_WARN_ABOUT_RETURN_TYPE = YES_ERROR;
				GCC_WARN_UNDECLARED_SELECTOR = YES;
				GCC_WARN_UNINITIALIZED_AUTOS = YES_AGGRESSIVE;
				GCC_WARN_UNUSED_FUNCTION = YES;
				GCC_WARN_UNUSED_VARIABLE = YES;
				IPHONEOS_DEPLOYMENT_TARGET = 18.4;
				LOCALIZATION_PREFERS_STRING_CATALOGS = YES;
				MTL_ENABLE_DEBUG_INFO = INCLUDE_SOURCE;
				MTL_FAST_MATH = YES;
				ONLY_ACTIVE_ARCH = YES;
				SDKROOT = iphoneos;
				SWIFT_ACTIVE_COMPILATION_CONDITIONS = "DEBUG $(inherited)";
				SWIFT_OPTIMIZATION_LEVEL = "-Onone";
			};
			name = Debug;
		};
		004C6E932E1FEC7400FC89D3 /* Release */ = {
			isa = XCBuildConfiguration;
			buildSettings = {
				ALWAYS_SEARCH_USER_PATHS = NO;
				ASSETCATALOG_COMPILER_GENERATE_SWIFT_ASSET_SYMBOL_EXTENSIONS = YES;
				CLANG_ANALYZER_NONNULL = YES;
				CLANG_ANALYZER_NUMBER_OBJECT_CONVERSION = YES_AGGRESSIVE;
				CLANG_CXX_LANGUAGE_STANDARD = "gnu++20";
				CLANG_ENABLE_MODULES = YES;
				CLANG_ENABLE_OBJC_ARC = YES;
				CLANG_ENABLE_OBJC_WEAK = YES;
				CLANG_WARN_BLOCK_CAPTURE_AUTORELEASING = YES;
				CLANG_WARN_BOOL_CONVERSION = YES;
				CLANG_WARN_COMMA = YES;
				CLANG_WARN_CONSTANT_CONVERSION = YES;
				CLANG_WARN_DEPRECATED_OBJC_IMPLEMENTATIONS = YES;
				CLANG_WARN_DIRECT_OBJC_ISA_USAGE = YES_ERROR;
				CLANG_WARN_DOCUMENTATION_COMMENTS = YES;
				CLANG_WARN_EMPTY_BODY = YES;
				CLANG_WARN_ENUM_CONVERSION = YES;
				CLANG_WARN_INFINITE_RECURSION = YES;
				CLANG_WARN_INT_CONVERSION = YES;
				CLANG_WARN_NON_LITERAL_NULL_CONVERSION = YES;
				CLANG_WARN_OBJC_IMPLICIT_RETAIN_SELF = YES;
				CLANG_WARN_OBJC_LITERAL_CONVERSION = YES;
				CLANG_WARN_OBJC_ROOT_CLASS = YES_ERROR;
				CLANG_WARN_QUOTED_INCLUDE_IN_FRAMEWORK_HEADER = YES;
				CLANG_WARN_RANGE_LOOP_ANALYSIS = YES;
				CLANG_WARN_STRICT_PROTOTYPES = YES;
				CLANG_WARN_SUSPICIOUS_MOVE = YES;
				CLANG_WARN_UNGUARDED_AVAILABILITY = YES_AGGRESSIVE;
				CLANG_WARN_UNREACHABLE_CODE = YES;
				CLANG_WARN__DUPLICATE_METHOD_MATCH = YES;
				COPY_PHASE_STRIP = NO;
				DEBUG_INFORMATION_FORMAT = "dwarf-with-dsym";
				ENABLE_NS_ASSERTIONS = NO;
				ENABLE_STRICT_OBJC_MSGSEND = YES;
				ENABLE_USER_SCRIPT_SANDBOXING = YES;
				GCC_C_LANGUAGE_STANDARD = gnu17;
				GCC_NO_COMMON_BLOCKS = YES;
				GCC_WARN_64_TO_32_BIT_CONVERSION = YES;
				GCC_WARN_ABOUT_RETURN_TYPE = YES_ERROR;
				GCC_WARN_UNDECLARED_SELECTOR = YES;
				GCC_WARN_UNINITIALIZED_AUTOS = YES_AGGRESSIVE;
				GCC_WARN_UNUSED_FUNCTION = YES;
				GCC_WARN_UNUSED_VARIABLE = YES;
				IPHONEOS_DEPLOYMENT_TARGET = 18.4;
				LOCALIZATION_PREFERS_STRING_CATALOGS = YES;
				MTL_ENABLE_DEBUG_INFO = NO;
				MTL_FAST_MATH = YES;
				SDKROOT = iphoneos;
				SWIFT_COMPILATION_MODE = wholemodule;
				VALIDATE_PRODUCT = YES;
			};
			name = Release;
		};
		004C6E952E1FEC7400FC89D3 /* Debug */ = {
			isa = XCBuildConfiguration;
			buildSettings = {
				ASSETCATALOG_COMPILER_APPICON_NAME = AppIcon;
				ASSETCATALOG_COMPILER_GLOBAL_ACCENT_COLOR_NAME = AccentColor;
				CODE_SIGN_STYLE = Automatic;
				CURRENT_PROJECT_VERSION = 1;
				DEVELOPMENT_TEAM = WAF7JZRH8V;
				ENABLE_PREVIEWS = YES;
				GENERATE_INFOPLIST_FILE = YES;
				INFOPLIST_KEY_UIApplicationSceneManifest_Generation = YES;
				INFOPLIST_KEY_UIApplicationSupportsIndirectInputEvents = YES;
				INFOPLIST_KEY_UILaunchScreen_Generation = YES;
				INFOPLIST_KEY_UISupportedInterfaceOrientations_iPad = "UIInterfaceOrientationPortrait UIInterfaceOrientationPortraitUpsideDown UIInterfaceOrientationLandscapeLeft UIInterfaceOrientationLandscapeRight";
				INFOPLIST_KEY_UISupportedInterfaceOrientations_iPhone = "UIInterfaceOrientationPortrait UIInterfaceOrientationLandscapeLeft UIInterfaceOrientationLandscapeRight";
				LD_RUNPATH_SEARCH_PATHS = (
					"$(inherited)",
					"@executable_path/Frameworks",
				);
				MARKETING_VERSION = 1.0;
				PRODUCT_BUNDLE_IDENTIFIER = com.tejasvi.dieZeit.dieZeit;
				PRODUCT_NAME = "$(TARGET_NAME)";
				SWIFT_EMIT_LOC_STRINGS = YES;
				SWIFT_VERSION = 5.0;
				TARGETED_DEVICE_FAMILY = "1,2";
			};
			name = Debug;
		};
		004C6E962E1FEC7400FC89D3 /* Release */ = {
			isa = XCBuildConfiguration;
			buildSettings = {
				ASSETCATALOG_COMPILER_APPICON_NAME = AppIcon;
				ASSETCATALOG_COMPILER_GLOBAL_ACCENT_COLOR_NAME = AccentColor;
				CODE_SIGN_STYLE = Automatic;
				CURRENT_PROJECT_VERSION = 1;
				DEVELOPMENT_TEAM = WAF7JZRH8V;
				ENABLE_PREVIEWS = YES;
				GENERATE_INFOPLIST_FILE = YES;
				INFOPLIST_KEY_UIApplicationSceneManifest_Generation = YES;
				INFOPLIST_KEY_UIApplicationSupportsIndirectInputEvents = YES;
				INFOPLIST_KEY_UILaunchScreen_Generation = YES;
				INFOPLIST_KEY_UISupportedInterfaceOrientations_iPad = "UIInterfaceOrientationPortrait UIInterfaceOrientationPortraitUpsideDown UIInterfaceOrientationLandscapeLeft UIInterfaceOrientationLandscapeRight";
				INFOPLIST_KEY_UISupportedInterfaceOrientations_iPhone = "UIInterfaceOrientationPortrait UIInterfaceOrientationLandscapeLeft UIInterfaceOrientationLandscapeRight";
				LD_RUNPATH_SEARCH_PATHS = (
					"$(inherited)",
					"@executable_path/Frameworks",
				);
				MARKETING_VERSION = 1.0;
				PRODUCT_BUNDLE_IDENTIFIER = com.tejasvi.dieZeit.dieZeit;
				PRODUCT_NAME = "$(TARGET_NAME)";
				SWIFT_EMIT_LOC_STRINGS = YES;
				SWIFT_VERSION = 5.0;
				TARGETED_DEVICE_FAMILY = "1,2";
			};
			name = Release;
		};
		004C6E982E1FEC7400FC89D3 /* Debug */ = {
			isa = XCBuildConfiguration;
			buildSettings = {
				BUNDLE_LOADER = "$(TEST_HOST)";
				CODE_SIGN_STYLE = Automatic;
				CURRENT_PROJECT_VERSION = 1;
				GENERATE_INFOPLIST_FILE = YES;
				IPHONEOS_DEPLOYMENT_TARGET = 18.4;
				MARKETING_VERSION = 1.0;
				PRODUCT_BUNDLE_IDENTIFIER = com.tejasvi.dieZeit.dieZeitTests;
				PRODUCT_NAME = "$(TARGET_NAME)";
				SWIFT_EMIT_LOC_STRINGS = NO;
				SWIFT_VERSION = 5.0;
				TARGETED_DEVICE_FAMILY = "1,2";
				TEST_HOST = "$(BUILT_PRODUCTS_DIR)/dieZeit.app/$(BUNDLE_EXECUTABLE_FOLDER_PATH)/dieZeit";
			};
			name = Debug;
		};
		004C6E992E1FEC7400FC89D3 /* Release */ = {
			isa = XCBuildConfiguration;
			buildSettings = {
				BUNDLE_LOADER = "$(TEST_HOST)";
				CODE_SIGN_STYLE = Automatic;
				CURRENT_PROJECT_VERSION = 1;
				GENERATE_INFOPLIST_FILE = YES;
				IPHONEOS_DEPLOYMENT_TARGET = 18.4;
				MARKETING_VERSION = 1.0;
				PRODUCT_BUNDLE_IDENTIFIER = com.tejasvi.dieZeit.dieZeitTests;
				PRODUCT_NAME = "$(TARGET_NAME)";
				SWIFT_EMIT_LOC_STRINGS = NO;
				SWIFT_VERSION = 5.0;
				TARGETED_DEVICE_FAMILY = "1,2";
				TEST_HOST = "$(BUILT_PRODUCTS_DIR)/dieZeit.app/$(BUNDLE_EXECUTABLE_FOLDER_PATH)/dieZeit";
			};
			name = Release;
		};
		004C6E9B2E1FEC7400FC89D3 /* Debug */ = {
			isa = XCBuildConfiguration;
			buildSettings = {
				CODE_SIGN_STYLE = Automatic;
				CURRENT_PROJECT_VERSION = 1;
				GENERATE_INFOPLIST_FILE = YES;
				MARKETING_VERSION = 1.0;
				PRODUCT_BUNDLE_IDENTIFIER = com.tejasvi.dieZeit.dieZeitUITests;
				PRODUCT_NAME = "$(TARGET_NAME)";
				SWIFT_EMIT_LOC_STRINGS = NO;
				SWIFT_VERSION = 5.0;
				TARGETED_DEVICE_FAMILY = "1,2";
				TEST_TARGET_NAME = dieZeit;
			};
			name = Debug;
		};
		004C6E9C2E1FEC7400FC89D3 /* Release */ = {
			isa = XCBuildConfiguration;
			buildSettings = {
				CODE_SIGN_STYLE = Automatic;
				CURRENT_PROJECT_VERSION = 1;
				GENERATE_INFOPLIST_FILE = YES;
				MARKETING_VERSION = 1.0;
				PRODUCT_BUNDLE_IDENTIFIER = com.tejasvi.dieZeit.dieZeitUITests;
				PRODUCT_NAME = "$(TARGET_NAME)";
				SWIFT_EMIT_LOC_STRINGS = NO;
				SWIFT_VERSION = 5.0;
				TARGETED_DEVICE_FAMILY = "1,2";
				TEST_TARGET_NAME = dieZeit;
			};
			name = Release;
		};
/* End XCBuildConfiguration section */

/* Begin XCConfigurationList section */
		004C6E6E2E1FEC7100FC89D3 /* Build configuration list for PBXProject "dieZeit" */ = {
			isa = XCConfigurationList;
			buildConfigurations = (
				004C6E922E1FEC7400FC89D3 /* Debug */,
				004C6E932E1FEC7400FC89D3 /* Release */,
			);
			defaultConfigurationIsVisible = 0;
			defaultConfigurationName = Release;
		};
		004C6E942E1FEC7400FC89D3 /* Build configuration list for PBXNativeTarget "dieZeit" */ = {
			isa = XCConfigurationList;
			buildConfigurations = (
				004C6E952E1FEC7400FC89D3 /* Debug */,
				004C6E962E1FEC7400FC89D3 /* Release */,
			);
			defaultConfigurationIsVisible = 0;
			defaultConfigurationName = Release;
		};
		004C6E972E1FEC7400FC89D3 /* Build configuration list for PBXNativeTarget "dieZeitTests" */ = {
			isa = XCConfigurationList;
			buildConfigurations = (
				004C6E982E1FEC7400FC89D3 /* Debug */,
				004C6E992E1FEC7400FC89D3 /* Release */,
			);
			defaultConfigurationIsVisible = 0;
			defaultConfigurationName = Release;
		};
		004C6E9A2E1FEC7400FC89D3 /* Build configuration list for PBXNativeTarget "dieZeitUITests" */ = {
			isa = XCConfigurationList;
			buildConfigurations = (
				004C6E9B2E1FEC7400FC89D3 /* Debug */,
				004C6E9C2E1FEC7400FC89D3 /* Release */,
			);
			defaultConfigurationIsVisible = 0;
			defaultConfigurationName = Release;
		};
/* End XCConfigurationList section */
	};
	rootObject = 004C6E6B2E1FEC7100FC89D3 /* Project object */;
}
